
Microsoft Visual Studio Solution File, Format Version 12.00
# Visual Studio 2013
VisualStudioVersion = 12.0.21005.1
MinimumVisualStudioVersion = 10.0.40219.1
Project("{FAE04EC0-301F-11D3-BF4B-00C04F79EFBC}") = "Tripod.Domain", "Tripod.Domain\Tripod.Domain.csproj", "{E1BA1D96-1242-4196-85C1-0034447A4106}"
EndProject
Project("{2150E333-8FDC-42A3-9474-1A3956D46DE8}") = "Solution Items", "Solution Items", "{154E87E2-A45A-4F51-A883-0AC4387C7209}"
	ProjectSection(SolutionItems) = preProject
		.gitignore = .gitignore
		CodeCoverage.runsettings = CodeCoverage.runsettings
		GlobalAssemblyInfo.cs = GlobalAssemblyInfo.cs
		ReSharperAnnotations.cs = ReSharperAnnotations.cs
		Tripod.sln.DotSettings = Tripod.sln.DotSettings
	EndProjectSection
EndProject
Project("{2150E333-8FDC-42A3-9474-1A3956D46DE8}") = "Tests", "Tests", "{B443F697-3A23-430D-BE52-12924ECCD617}"
EndProject
Project("{FAE04EC0-301F-11D3-BF4B-00C04F79EFBC}") = "Tripod.Domain.UnitTests", "Tests\Tripod.Domain.UnitTests\Tripod.Domain.UnitTests.csproj", "{D217070F-C4C0-46FA-9040-E0EEDF4C673F}"
EndProject
Global
	GlobalSection(SolutionConfigurationPlatforms) = preSolution
		Debug|Any CPU = Debug|Any CPU
		Release|Any CPU = Release|Any CPU
	EndGlobalSection
	GlobalSection(ProjectConfigurationPlatforms) = postSolution
		{E1BA1D96-1242-4196-85C1-0034447A4106}.Debug|Any CPU.ActiveCfg = Debug|Any CPU
		{E1BA1D96-1242-4196-85C1-0034447A4106}.Debug|Any CPU.Build.0 = Debug|Any CPU
		{E1BA1D96-1242-4196-85C1-0034447A4106}.Release|Any CPU.ActiveCfg = Release|Any CPU
		{E1BA1D96-1242-4196-85C1-0034447A4106}.Release|Any CPU.Build.0 = Release|Any CPU
		{D217070F-C4C0-46FA-9040-E0EEDF4C673F}.Debug|Any CPU.ActiveCfg = Debug|Any CPU
		{D217070F-C4C0-46FA-9040-E0EEDF4C673F}.Debug|Any CPU.Build.0 = Debug|Any CPU
		{D217070F-C4C0-46FA-9040-E0EEDF4C673F}.Release|Any CPU.ActiveCfg = Release|Any CPU
		{D217070F-C4C0-46FA-9040-E0EEDF4C673F}.Release|Any CPU.Build.0 = Release|Any CPU
	EndGlobalSection
	GlobalSection(SolutionProperties) = preSolution
		HideSolutionNode = FALSE
	EndGlobalSection
	GlobalSection(NestedProjects) = preSolution
		{D217070F-C4C0-46FA-9040-E0EEDF4C673F} = {B443F697-3A23-430D-BE52-12924ECCD617}
	EndGlobalSection
EndGlobal
