
Microsoft Visual Studio Solution File, Format Version 12.00
# Visual Studio 2013
VisualStudioVersion = 12.0.21005.1
MinimumVisualStudioVersion = 10.0.40219.1
Project("{FAE04EC0-301F-11D3-BF4B-00C04F79EFBC}") = "Tripod.Domain", "Tripod.Domain\Tripod.Domain.csproj", "{E1BA1D96-1242-4196-85C1-0034447A4106}"
EndProject
Project("{2150E333-8FDC-42A3-9474-1A3956D46DE8}") = "Solution Items", "Solution Items", "{154E87E2-A45A-4F51-A883-0AC4387C7209}"
	ProjectSection(SolutionItems) = preProject
		.gitignore = .gitignore
		CodeCoverage.runsettings = CodeCoverage.runsettings
		GlobalAssemblyInfo.cs = GlobalAssemblyInfo.cs
		ReSharperAnnotations.cs = ReSharperAnnotations.cs
		Tripod.sln.DotSettings = Tripod.sln.DotSettings
	EndProjectSection
EndProject
Project("{2150E333-8FDC-42A3-9474-1A3956D46DE8}") = "Tests", "Tests", "{B443F697-3A23-430D-BE52-12924ECCD617}"
EndProject
Project("{FAE04EC0-301F-11D3-BF4B-00C04F79EFBC}") = "Tripod.Domain.UnitTests", "Tests\Tripod.Domain.UnitTests\Tripod.Domain.UnitTests.csproj", "{D217070F-C4C0-46FA-9040-E0EEDF4C673F}"
EndProject
Project("{FAE04EC0-301F-11D3-BF4B-00C04F79EFBC}") = "Tripod.Ioc", "Tripod.Ioc\Tripod.Ioc.csproj", "{DF8036D8-F370-49FD-9C85-14D95AD68139}"
EndProject
Project("{FAE04EC0-301F-11D3-BF4B-00C04F79EFBC}") = "Tripod.Ioc.UnitTests", "Tests\Tripod.Ioc.UnitTests\Tripod.Ioc.UnitTests.csproj", "{D8C8221F-89B0-4707-B0F7-6762872BDA14}"
EndProject
Project("{FAE04EC0-301F-11D3-BF4B-00C04F79EFBC}") = "Tripod.Ioc.IntegrationTests", "Tests\Tripod.Ioc.IntegrationTests\Tripod.Ioc.IntegrationTests.csproj", "{7A69DC6A-46C7-4AF2-90A7-EE3C3E0A57E7}"
EndProject
Global
	GlobalSection(SolutionConfigurationPlatforms) = preSolution
		Debug Integration Tests|Any CPU = Debug Integration Tests|Any CPU
		Debug Unit Tests|Any CPU = Debug Unit Tests|Any CPU
		Debug|Any CPU = Debug|Any CPU
		Release|Any CPU = Release|Any CPU
	EndGlobalSection
	GlobalSection(ProjectConfigurationPlatforms) = postSolution
		{E1BA1D96-1242-4196-85C1-0034447A4106}.Debug Integration Tests|Any CPU.ActiveCfg = Debug|Any CPU
		{E1BA1D96-1242-4196-85C1-0034447A4106}.Debug Integration Tests|Any CPU.Build.0 = Debug|Any CPU
		{E1BA1D96-1242-4196-85C1-0034447A4106}.Debug Unit Tests|Any CPU.ActiveCfg = Debug|Any CPU
		{E1BA1D96-1242-4196-85C1-0034447A4106}.Debug Unit Tests|Any CPU.Build.0 = Debug|Any CPU
		{E1BA1D96-1242-4196-85C1-0034447A4106}.Debug|Any CPU.ActiveCfg = Debug|Any CPU
		{E1BA1D96-1242-4196-85C1-0034447A4106}.Debug|Any CPU.Build.0 = Debug|Any CPU
		{E1BA1D96-1242-4196-85C1-0034447A4106}.Release|Any CPU.ActiveCfg = Release|Any CPU
		{E1BA1D96-1242-4196-85C1-0034447A4106}.Release|Any CPU.Build.0 = Release|Any CPU
		{D217070F-C4C0-46FA-9040-E0EEDF4C673F}.Debug Integration Tests|Any CPU.ActiveCfg = Debug|Any CPU
		{D217070F-C4C0-46FA-9040-E0EEDF4C673F}.Debug Integration Tests|Any CPU.Build.0 = Debug|Any CPU
		{D217070F-C4C0-46FA-9040-E0EEDF4C673F}.Debug Unit Tests|Any CPU.ActiveCfg = Debug|Any CPU
		{D217070F-C4C0-46FA-9040-E0EEDF4C673F}.Debug Unit Tests|Any CPU.Build.0 = Debug|Any CPU
		{D217070F-C4C0-46FA-9040-E0EEDF4C673F}.Debug|Any CPU.ActiveCfg = Debug|Any CPU
		{D217070F-C4C0-46FA-9040-E0EEDF4C673F}.Release|Any CPU.ActiveCfg = Release|Any CPU
		{D217070F-C4C0-46FA-9040-E0EEDF4C673F}.Release|Any CPU.Build.0 = Release|Any CPU
		{DF8036D8-F370-49FD-9C85-14D95AD68139}.Debug Integration Tests|Any CPU.ActiveCfg = Debug|Any CPU
		{DF8036D8-F370-49FD-9C85-14D95AD68139}.Debug Integration Tests|Any CPU.Build.0 = Debug|Any CPU
		{DF8036D8-F370-49FD-9C85-14D95AD68139}.Debug Unit Tests|Any CPU.ActiveCfg = Debug|Any CPU
		{DF8036D8-F370-49FD-9C85-14D95AD68139}.Debug Unit Tests|Any CPU.Build.0 = Debug|Any CPU
		{DF8036D8-F370-49FD-9C85-14D95AD68139}.Debug|Any CPU.ActiveCfg = Debug|Any CPU
		{DF8036D8-F370-49FD-9C85-14D95AD68139}.Debug|Any CPU.Build.0 = Debug|Any CPU
		{DF8036D8-F370-49FD-9C85-14D95AD68139}.Release|Any CPU.ActiveCfg = Release|Any CPU
		{DF8036D8-F370-49FD-9C85-14D95AD68139}.Release|Any CPU.Build.0 = Release|Any CPU
		{D8C8221F-89B0-4707-B0F7-6762872BDA14}.Debug Integration Tests|Any CPU.ActiveCfg = Debug|Any CPU
		{D8C8221F-89B0-4707-B0F7-6762872BDA14}.Debug Integration Tests|Any CPU.Build.0 = Debug|Any CPU
		{D8C8221F-89B0-4707-B0F7-6762872BDA14}.Debug Unit Tests|Any CPU.ActiveCfg = Debug|Any CPU
		{D8C8221F-89B0-4707-B0F7-6762872BDA14}.Debug Unit Tests|Any CPU.Build.0 = Debug|Any CPU
		{D8C8221F-89B0-4707-B0F7-6762872BDA14}.Debug|Any CPU.ActiveCfg = Debug|Any CPU
		{D8C8221F-89B0-4707-B0F7-6762872BDA14}.Release|Any CPU.ActiveCfg = Release|Any CPU
		{D8C8221F-89B0-4707-B0F7-6762872BDA14}.Release|Any CPU.Build.0 = Release|Any CPU
		{7A69DC6A-46C7-4AF2-90A7-EE3C3E0A57E7}.Debug Integration Tests|Any CPU.ActiveCfg = Debug|Any CPU
		{7A69DC6A-46C7-4AF2-90A7-EE3C3E0A57E7}.Debug Integration Tests|Any CPU.Build.0 = Debug|Any CPU
		{7A69DC6A-46C7-4AF2-90A7-EE3C3E0A57E7}.Debug Unit Tests|Any CPU.ActiveCfg = Debug|Any CPU
		{7A69DC6A-46C7-4AF2-90A7-EE3C3E0A57E7}.Debug|Any CPU.ActiveCfg = Debug|Any CPU
		{7A69DC6A-46C7-4AF2-90A7-EE3C3E0A57E7}.Release|Any CPU.ActiveCfg = Release|Any CPU
		{7A69DC6A-46C7-4AF2-90A7-EE3C3E0A57E7}.Release|Any CPU.Build.0 = Release|Any CPU
	EndGlobalSection
	GlobalSection(SolutionProperties) = preSolution
		HideSolutionNode = FALSE
	EndGlobalSection
	GlobalSection(NestedProjects) = preSolution
		{D217070F-C4C0-46FA-9040-E0EEDF4C673F} = {B443F697-3A23-430D-BE52-12924ECCD617}
		{D8C8221F-89B0-4707-B0F7-6762872BDA14} = {B443F697-3A23-430D-BE52-12924ECCD617}
		{7A69DC6A-46C7-4AF2-90A7-EE3C3E0A57E7} = {B443F697-3A23-430D-BE52-12924ECCD617}
	EndGlobalSection
EndGlobal
